
Microsoft Visual Studio Solution File, Format Version 11.00
# Visual Studio 2010
Project("{FAE04EC0-301F-11D3-BF4B-00C04F79EFBC}") = "ThinKim.Android", "ThinKim.Android.csproj", "{0089E8A0-EA87-40A4-B00C-158C7251E129}"
EndProject
Global
	GlobalSection(SolutionConfigurationPlatforms) = preSolution
		Debug|Any CPU = Debug|Any CPU
		Release|Any CPU = Release|Any CPU
	EndGlobalSection
	GlobalSection(ProjectConfigurationPlatforms) = postSolution
		{0089E8A0-EA87-40A4-B00C-158C7251E129}.Debug|Any CPU.ActiveCfg = Debug|Any CPU
		{0089E8A0-EA87-40A4-B00C-158C7251E129}.Debug|Any CPU.Build.0 = Debug|Any CPU
		{0089E8A0-EA87-40A4-B00C-158C7251E129}.Release|Any CPU.ActiveCfg = Release|Any CPU
		{0089E8A0-EA87-40A4-B00C-158C7251E129}.Release|Any CPU.Build.0 = Release|Any CPU
	EndGlobalSection
EndGlobal
